lock-version = 5
language = "0.8"
compiler = "0.7.1-beta.1"
manifest-sha256 = "6f613bc89042ff7424fe0e5d6262071715600b900e52dfecab8637ea2c825d68"

[[sprig]]
id = "root/@sqlite"
owner = "root"
name = "sqlite"
kind = "local"
path = "../../libraries/sprig-sqlite"
portable = true
project-name = "sprig-sqlite"
source = "src"
manifest-sha256 = "7255ef1a200bd8ad73f0650941b1f6d766509ff4b6bdc634bfc4cfef4161e0a2"

[[sprig]]
id = "root/@web"
owner = "root"
name = "web"
kind = "local"
path = "../../libraries/sprig-web"
portable = true
project-name = "sprig-web"
source = "src"
manifest-sha256 = "a401ec5df54aa5ad4868e67e01220170f7b64835777b030a635cd16d9a19c171"

[[jvm]]
group = "org.slf4j"
artifact = "slf4j-api"
version = "1.7.36"
repository = "https://repo.maven.apache.org/maven2/"
sha256 = "d3ef575e3e4979678dc01bf1dcce51021493b4d11fb7f1be8ad982877c16a1c0"
extension = "jar"
classifier = ""
classpath-order = 1
direct = false

[[jvm]]
group = "org.slf4j"
artifact = "slf4j-api"
version = "1.7.36"
repository = "https://repo.maven.apache.org/maven2/"
sha256 = "fb046a9c229437928bb11c2d27c8b5d773eb8a25e60cbd253d985210dedc2684"
extension = "pom"
classifier = ""
classpath-order = -1
direct = false

[[jvm]]
group = "org.slf4j"
artifact = "slf4j-parent"
version = "1.7.36"
repository = "https://repo.maven.apache.org/maven2/"
sha256 = "bb388d37fbcdd3cde64c3cede21838693218dc451f04040c5df360a78ed7e812"
extension = "pom"
classifier = ""
classpath-order = -1
direct = false

[[jvm]]
group = "org.xerial"
artifact = "sqlite-jdbc"
version = "3.46.1.0"
repository = "https://repo.maven.apache.org/maven2/"
sha256 = "6dc7464e3803648d3ff18a7359bab6adf079fcd8495b18991f6f5edcb8ac6e3b"
extension = "jar"
classifier = ""
classpath-order = 0
direct = true

[[jvm]]
group = "org.xerial"
artifact = "sqlite-jdbc"
version = "3.46.1.0"
repository = "https://repo.maven.apache.org/maven2/"
sha256 = "b8da4452e4e3f4b75a17280f0610f9f31307e4104a175fae1d2abe624987c487"
extension = "pom"
classifier = ""
classpath-order = -1
direct = false

[[jvm-edge]]
parent = "org.xerial:sqlite-jdbc:jar::3.46.1.0"
child = "org.slf4j:slf4j-api:jar::1.7.36"

[[jvm-edge]]
parent = "root"
child = "org.xerial:sqlite-jdbc:jar::3.46.1.0"
